
Microsoft Visual Studio Solution File, Format Version 12.00
# Visual Studio 15
VisualStudioVersion = 15.0.26124.0
MinimumVisualStudioVersion = 15.0.26124.0
Project("{2150E333-8FDC-42A3-9474-1A3956D46DE8}") = "src", "src", "{705E0553-E67B-45D8-BBD8-9805EA88D1B7}"
EndProject
Project("{FAE04EC0-301F-11D3-BF4B-00C04F79EFBC}") = "SignalRChat.Server", "src\SignalRChat.Server\SignalRChat.Server.csproj", "{0D0D6D5B-DC69-47C8-8F26-1AE463AA5470}"
EndProject
Project("{FAE04EC0-301F-11D3-BF4B-00C04F79EFBC}") = "SignalRChat.Domain", "src\SignalRChat.Domain\SignalRChat.Domain.csproj", "{88691F5C-C915-4290-8F1D-5E5D1BC9C2D6}"
EndProject
Project("{2150E333-8FDC-42A3-9474-1A3956D46DE8}") = "tests", "tests", "{5600E941-FA6C-4F91-9E17-BA0B8CBB85D1}"
EndProject
Project("{FAE04EC0-301F-11D3-BF4B-00C04F79EFBC}") = "SignalRChat.Domain.Tests", "tests\SignalRChat.Domain.Tests\SignalRChat.Domain.Tests.csproj", "{E36E2A3A-F947-4238-B88E-2DC6761E5942}"
EndProject
Global
	GlobalSection(SolutionConfigurationPlatforms) = preSolution
		Debug|Any CPU = Debug|Any CPU
		Debug|x64 = Debug|x64
		Debug|x86 = Debug|x86
		Release|Any CPU = Release|Any CPU
		Release|x64 = Release|x64
		Release|x86 = Release|x86
	EndGlobalSection
	GlobalSection(SolutionProperties) = preSolution
		HideSolutionNode = FALSE
	EndGlobalSection
	GlobalSection(ProjectConfigurationPlatforms) = postSolution
		{0D0D6D5B-DC69-47C8-8F26-1AE463AA5470}.Debug|Any CPU.ActiveCfg = Debug|Any CPU
		{0D0D6D5B-DC69-47C8-8F26-1AE463AA5470}.Debug|Any CPU.Build.0 = Debug|Any CPU
		{0D0D6D5B-DC69-47C8-8F26-1AE463AA5470}.Debug|x64.ActiveCfg = Debug|Any CPU
		{0D0D6D5B-DC69-47C8-8F26-1AE463AA5470}.Debug|x64.Build.0 = Debug|Any CPU
		{0D0D6D5B-DC69-47C8-8F26-1AE463AA5470}.Debug|x86.ActiveCfg = Debug|Any CPU
		{0D0D6D5B-DC69-47C8-8F26-1AE463AA5470}.Debug|x86.Build.0 = Debug|Any CPU
		{0D0D6D5B-DC69-47C8-8F26-1AE463AA5470}.Release|Any CPU.ActiveCfg = Release|Any CPU
		{0D0D6D5B-DC69-47C8-8F26-1AE463AA5470}.Release|Any CPU.Build.0 = Release|Any CPU
		{0D0D6D5B-DC69-47C8-8F26-1AE463AA5470}.Release|x64.ActiveCfg = Release|Any CPU
		{0D0D6D5B-DC69-47C8-8F26-1AE463AA5470}.Release|x64.Build.0 = Release|Any CPU
		{0D0D6D5B-DC69-47C8-8F26-1AE463AA5470}.Release|x86.ActiveCfg = Release|Any CPU
		{0D0D6D5B-DC69-47C8-8F26-1AE463AA5470}.Release|x86.Build.0 = Release|Any CPU
		{88691F5C-C915-4290-8F1D-5E5D1BC9C2D6}.Debug|Any CPU.ActiveCfg = Debug|Any CPU
		{88691F5C-C915-4290-8F1D-5E5D1BC9C2D6}.Debug|Any CPU.Build.0 = Debug|Any CPU
		{88691F5C-C915-4290-8F1D-5E5D1BC9C2D6}.Debug|x64.ActiveCfg = Debug|Any CPU
		{88691F5C-C915-4290-8F1D-5E5D1BC9C2D6}.Debug|x64.Build.0 = Debug|Any CPU
		{88691F5C-C915-4290-8F1D-5E5D1BC9C2D6}.Debug|x86.ActiveCfg = Debug|Any CPU
		{88691F5C-C915-4290-8F1D-5E5D1BC9C2D6}.Debug|x86.Build.0 = Debug|Any CPU
		{88691F5C-C915-4290-8F1D-5E5D1BC9C2D6}.Release|Any CPU.ActiveCfg = Release|Any CPU
		{88691F5C-C915-4290-8F1D-5E5D1BC9C2D6}.Release|Any CPU.Build.0 = Release|Any CPU
		{88691F5C-C915-4290-8F1D-5E5D1BC9C2D6}.Release|x64.ActiveCfg = Release|Any CPU
		{88691F5C-C915-4290-8F1D-5E5D1BC9C2D6}.Release|x64.Build.0 = Release|Any CPU
		{88691F5C-C915-4290-8F1D-5E5D1BC9C2D6}.Release|x86.ActiveCfg = Release|Any CPU
		{88691F5C-C915-4290-8F1D-5E5D1BC9C2D6}.Release|x86.Build.0 = Release|Any CPU
		{E36E2A3A-F947-4238-B88E-2DC6761E5942}.Debug|Any CPU.ActiveCfg = Debug|Any CPU
		{E36E2A3A-F947-4238-B88E-2DC6761E5942}.Debug|Any CPU.Build.0 = Debug|Any CPU
		{E36E2A3A-F947-4238-B88E-2DC6761E5942}.Debug|x64.ActiveCfg = Debug|Any CPU
		{E36E2A3A-F947-4238-B88E-2DC6761E5942}.Debug|x64.Build.0 = Debug|Any CPU
		{E36E2A3A-F947-4238-B88E-2DC6761E5942}.Debug|x86.ActiveCfg = Debug|Any CPU
		{E36E2A3A-F947-4238-B88E-2DC6761E5942}.Debug|x86.Build.0 = Debug|Any CPU
		{E36E2A3A-F947-4238-B88E-2DC6761E5942}.Release|Any CPU.ActiveCfg = Release|Any CPU
		{E36E2A3A-F947-4238-B88E-2DC6761E5942}.Release|Any CPU.Build.0 = Release|Any CPU
		{E36E2A3A-F947-4238-B88E-2DC6761E5942}.Release|x64.ActiveCfg = Release|Any CPU
		{E36E2A3A-F947-4238-B88E-2DC6761E5942}.Release|x64.Build.0 = Release|Any CPU
		{E36E2A3A-F947-4238-B88E-2DC6761E5942}.Release|x86.ActiveCfg = Release|Any CPU
		{E36E2A3A-F947-4238-B88E-2DC6761E5942}.Release|x86.Build.0 = Release|Any CPU
	EndGlobalSection
	GlobalSection(NestedProjects) = preSolution
		{0D0D6D5B-DC69-47C8-8F26-1AE463AA5470} = {705E0553-E67B-45D8-BBD8-9805EA88D1B7}
		{88691F5C-C915-4290-8F1D-5E5D1BC9C2D6} = {705E0553-E67B-45D8-BBD8-9805EA88D1B7}
		{E36E2A3A-F947-4238-B88E-2DC6761E5942} = {5600E941-FA6C-4F91-9E17-BA0B8CBB85D1}
	EndGlobalSection
EndGlobal
